
Microsoft Visual Studio Solution File, Format Version 11.00
# Visual Studio 2010
Project("{FAE04EC0-301F-11D3-BF4B-00C04F79EFBC}") = "Copy_Annotation_Feature", "Copy_Annotation_Feature\Copy_Annotation_Feature.csproj", "{C1AE5D27-4763-4E9E-BAB8-A49244305D72}"
EndProject
Global
	GlobalSection(SolutionConfigurationPlatforms) = preSolution
		Debug|Any CPU = Debug|Any CPU
		Release|Any CPU = Release|Any CPU
	EndGlobalSection
	GlobalSection(ProjectConfigurationPlatforms) = postSolution
		{C1AE5D27-4763-4E9E-BAB8-A49244305D72}.Debug|Any CPU.ActiveCfg = Debug|Any CPU
		{C1AE5D27-4763-4E9E-BAB8-A49244305D72}.Debug|Any CPU.Build.0 = Debug|Any CPU
		{C1AE5D27-4763-4E9E-BAB8-A49244305D72}.Release|Any CPU.ActiveCfg = Release|Any CPU
		{C1AE5D27-4763-4E9E-BAB8-A49244305D72}.Release|Any CPU.Build.0 = Release|Any CPU
	EndGlobalSection
	GlobalSection(SolutionProperties) = preSolution
		HideSolutionNode = FALSE
	EndGlobalSection
EndGlobal
